
Microsoft Visual Studio Solution File, Format Version 12.00
# Visual Studio Version 17
VisualStudioVersion = 17.0.31919.166
MinimumVisualStudioVersion = 10.0.40219.1
Project("{9A19103F-16F7-4668-BE54-9A1E7A4F7556}") = "ReversePack", "ReversePack\ReversePack.csproj", "{03E277B1-EBBD-4260-9F99-D3FC9BD7BBE6}"
EndProject
Project("{9A19103F-16F7-4668-BE54-9A1E7A4F7556}") = "ReversePack.PluginCore", "ReversePack.PluginCore\ReversePack.PluginCore.csproj", "{A00AF5CE-4C52-4F26-9105-D47A572BFE0E}"
EndProject
Project("{2150E333-8FDC-42A3-9474-1A3956D46DE8}") = "SamplePlugins", "SamplePlugins", "{6983F59A-62C6-42F5-AD74-8A86DBC333C3}"
EndProject
Project("{9A19103F-16F7-4668-BE54-9A1E7A4F7556}") = "HueHeatFilter", "SamplePlugins\HueHeatFilter\HueHeatFilter.csproj", "{B4673066-DAE7-43A3-A472-EF5AF38AC1C5}"
EndProject
Project("{9A19103F-16F7-4668-BE54-9A1E7A4F7556}") = "FixedMapFunction", "SamplePlugins\FixedMapFunction\FixedMapFunction.csproj", "{95777F71-DEE3-44F5-A95E-883BD8D9730B}"
EndProject
Project("{FAE04EC0-301F-11D3-BF4B-00C04F79EFBC}") = "GrayscaleInvertedHeatFilter", "GrayscaleInverted\GrayscaleInvertedHeatFilter.csproj", "{7D349A51-CC88-413C-95DD-80C4B4E8D331}"
EndProject
Global
	GlobalSection(SolutionConfigurationPlatforms) = preSolution
		Debug|Any CPU = Debug|Any CPU
		Release|Any CPU = Release|Any CPU
	EndGlobalSection
	GlobalSection(ProjectConfigurationPlatforms) = postSolution
		{03E277B1-EBBD-4260-9F99-D3FC9BD7BBE6}.Debug|Any CPU.ActiveCfg = Debug|Any CPU
		{03E277B1-EBBD-4260-9F99-D3FC9BD7BBE6}.Debug|Any CPU.Build.0 = Debug|Any CPU
		{03E277B1-EBBD-4260-9F99-D3FC9BD7BBE6}.Release|Any CPU.ActiveCfg = Release|Any CPU
		{03E277B1-EBBD-4260-9F99-D3FC9BD7BBE6}.Release|Any CPU.Build.0 = Release|Any CPU
		{A00AF5CE-4C52-4F26-9105-D47A572BFE0E}.Debug|Any CPU.ActiveCfg = Debug|Any CPU
		{A00AF5CE-4C52-4F26-9105-D47A572BFE0E}.Debug|Any CPU.Build.0 = Debug|Any CPU
		{A00AF5CE-4C52-4F26-9105-D47A572BFE0E}.Release|Any CPU.ActiveCfg = Release|Any CPU
		{A00AF5CE-4C52-4F26-9105-D47A572BFE0E}.Release|Any CPU.Build.0 = Release|Any CPU
		{B4673066-DAE7-43A3-A472-EF5AF38AC1C5}.Debug|Any CPU.ActiveCfg = Debug|Any CPU
		{B4673066-DAE7-43A3-A472-EF5AF38AC1C5}.Debug|Any CPU.Build.0 = Debug|Any CPU
		{B4673066-DAE7-43A3-A472-EF5AF38AC1C5}.Release|Any CPU.ActiveCfg = Release|Any CPU
		{B4673066-DAE7-43A3-A472-EF5AF38AC1C5}.Release|Any CPU.Build.0 = Release|Any CPU
		{95777F71-DEE3-44F5-A95E-883BD8D9730B}.Debug|Any CPU.ActiveCfg = Debug|Any CPU
		{95777F71-DEE3-44F5-A95E-883BD8D9730B}.Debug|Any CPU.Build.0 = Debug|Any CPU
		{95777F71-DEE3-44F5-A95E-883BD8D9730B}.Release|Any CPU.ActiveCfg = Release|Any CPU
		{95777F71-DEE3-44F5-A95E-883BD8D9730B}.Release|Any CPU.Build.0 = Release|Any CPU
		{7D349A51-CC88-413C-95DD-80C4B4E8D331}.Debug|Any CPU.ActiveCfg = Debug|Any CPU
		{7D349A51-CC88-413C-95DD-80C4B4E8D331}.Debug|Any CPU.Build.0 = Debug|Any CPU
		{7D349A51-CC88-413C-95DD-80C4B4E8D331}.Release|Any CPU.ActiveCfg = Release|Any CPU
		{7D349A51-CC88-413C-95DD-80C4B4E8D331}.Release|Any CPU.Build.0 = Release|Any CPU
	EndGlobalSection
	GlobalSection(SolutionProperties) = preSolution
		HideSolutionNode = FALSE
	EndGlobalSection
	GlobalSection(NestedProjects) = preSolution
		{B4673066-DAE7-43A3-A472-EF5AF38AC1C5} = {6983F59A-62C6-42F5-AD74-8A86DBC333C3}
		{95777F71-DEE3-44F5-A95E-883BD8D9730B} = {6983F59A-62C6-42F5-AD74-8A86DBC333C3}
		{7D349A51-CC88-413C-95DD-80C4B4E8D331} = {6983F59A-62C6-42F5-AD74-8A86DBC333C3}
	EndGlobalSection
	GlobalSection(ExtensibilityGlobals) = postSolution
		SolutionGuid = {50EB83D6-4620-46BB-BB90-932A2B5704B8}
	EndGlobalSection
EndGlobal
